{
  "originHash" : "c49ce52fe38c8a2386ba105c1d4bcf3f7fce303269a9e0a6722a82f67e93e000",
  "pins" : [
    {
      "identity" : "grdb.swift",
      "kind" : "remoteSourceControl",
      "location" : "https://github.com/sqlcipher/GRDB.swift",
      "state" : {
        "revision" : "0cacfca140173d8c0fce72ea69d55b9699f5e399",
        "version" : "7.11.0"
      }
    },
    {
      "identity" : "sqlcipher.swift",
      "kind" : "remoteSourceControl",
      "location" : "https://github.com/sqlcipher/SQLCipher.swift.git",
      "state" : {
        "revision" : "07bf6bc2191a063d6f1e7c3b5f276a3fadfe36b7",
        "version" : "4.16.0"
      }
    }
  ],
  "version" : 3
}
